
Microsoft Visual Studio Solution File, Format Version 12.00
# Visual Studio Version 16
VisualStudioVersion = 16.0.31702.278
MinimumVisualStudioVersion = 10.0.40219.1
Project("{FAE04EC0-301F-11D3-BF4B-00C04F79EFBC}") = "H.W. 7", "H.W. 7\H.W. 7.csproj", "{4303E80C-684D-47F4-B4EA-80D7EB3B42F8}"
EndProject
Project("{FAE04EC0-301F-11D3-BF4B-00C04F79EFBC}") = "Ex.2", "Ex.2\Ex.2.csproj", "{C299E5BE-C7E1-430E-9A70-E3871BEE6819}"
EndProject
Global
	GlobalSection(SolutionConfigurationPlatforms) = preSolution
		Debug|Any CPU = Debug|Any CPU
		Release|Any CPU = Release|Any CPU
	EndGlobalSection
	GlobalSection(ProjectConfigurationPlatforms) = postSolution
		{4303E80C-684D-47F4-B4EA-80D7EB3B42F8}.Debug|Any CPU.ActiveCfg = Debug|Any CPU
		{4303E80C-684D-47F4-B4EA-80D7EB3B42F8}.Debug|Any CPU.Build.0 = Debug|Any CPU
		{4303E80C-684D-47F4-B4EA-80D7EB3B42F8}.Release|Any CPU.ActiveCfg = Release|Any CPU
		{4303E80C-684D-47F4-B4EA-80D7EB3B42F8}.Release|Any CPU.Build.0 = Release|Any CPU
		{C299E5BE-C7E1-430E-9A70-E3871BEE6819}.Debug|Any CPU.ActiveCfg = Debug|Any CPU
		{C299E5BE-C7E1-430E-9A70-E3871BEE6819}.Debug|Any CPU.Build.0 = Debug|Any CPU
		{C299E5BE-C7E1-430E-9A70-E3871BEE6819}.Release|Any CPU.ActiveCfg = Release|Any CPU
		{C299E5BE-C7E1-430E-9A70-E3871BEE6819}.Release|Any CPU.Build.0 = Release|Any CPU
	EndGlobalSection
	GlobalSection(SolutionProperties) = preSolution
		HideSolutionNode = FALSE
	EndGlobalSection
	GlobalSection(ExtensibilityGlobals) = postSolution
		SolutionGuid = {5B6AF1F4-61B1-4240-8798-DDCD0A5AFA9E}
	EndGlobalSection
EndGlobal
